
Microsoft Visual Studio Solution File, Format Version 12.00
# Visual Studio Version 16
VisualStudioVersion = 16.0.32228.343
MinimumVisualStudioVersion = 10.0.40219.1
Project("{FAE04EC0-301F-11D3-BF4B-00C04F79EFBC}") = "TwoPointers", "TwoPointers\TwoPointers.csproj", "{353E10FB-0E43-4E38-ACA0-EA7F5B3202EC}"
EndProject
Global
	GlobalSection(SolutionConfigurationPlatforms) = preSolution
		Debug|Any CPU = Debug|Any CPU
		Release|Any CPU = Release|Any CPU
	EndGlobalSection
	GlobalSection(ProjectConfigurationPlatforms) = postSolution
		{353E10FB-0E43-4E38-ACA0-EA7F5B3202EC}.Debug|Any CPU.ActiveCfg = Debug|Any CPU
		{353E10FB-0E43-4E38-ACA0-EA7F5B3202EC}.Debug|Any CPU.Build.0 = Debug|Any CPU
		{353E10FB-0E43-4E38-ACA0-EA7F5B3202EC}.Release|Any CPU.ActiveCfg = Release|Any CPU
		{353E10FB-0E43-4E38-ACA0-EA7F5B3202EC}.Release|Any CPU.Build.0 = Release|Any CPU
	EndGlobalSection
	GlobalSection(SolutionProperties) = preSolution
		HideSolutionNode = FALSE
	EndGlobalSection
	GlobalSection(ExtensibilityGlobals) = postSolution
		SolutionGuid = {69C9E1CA-0515-4F2A-B28F-0D6A42F73DBA}
	EndGlobalSection
EndGlobal
