
Microsoft Visual Studio Solution File, Format Version 12.00
# Visual Studio Version 16
VisualStudioVersion = 16.0.32126.315
MinimumVisualStudioVersion = 10.0.40219.1
Project("{FAE04EC0-301F-11D3-BF4B-00C04F79EFBC}") = "BigONotation", "BigONotation\BigONotation.csproj", "{96960D75-4E5C-40C0-8DBC-B81A7F9C616C}"
EndProject
Global
	GlobalSection(SolutionConfigurationPlatforms) = preSolution
		Debug|Any CPU = Debug|Any CPU
		Release|Any CPU = Release|Any CPU
	EndGlobalSection
	GlobalSection(ProjectConfigurationPlatforms) = postSolution
		{96960D75-4E5C-40C0-8DBC-B81A7F9C616C}.Debug|Any CPU.ActiveCfg = Debug|Any CPU
		{96960D75-4E5C-40C0-8DBC-B81A7F9C616C}.Debug|Any CPU.Build.0 = Debug|Any CPU
		{96960D75-4E5C-40C0-8DBC-B81A7F9C616C}.Release|Any CPU.ActiveCfg = Release|Any CPU
		{96960D75-4E5C-40C0-8DBC-B81A7F9C616C}.Release|Any CPU.Build.0 = Release|Any CPU
	EndGlobalSection
	GlobalSection(SolutionProperties) = preSolution
		HideSolutionNode = FALSE
	EndGlobalSection
	GlobalSection(ExtensibilityGlobals) = postSolution
		SolutionGuid = {A93DAD62-C5E3-486E-9325-0C53BAEC70E4}
	EndGlobalSection
EndGlobal
